<?xml version="1.0" encoding="utf-8"?>
<Project ToolsVersion="17.0" xmlns="http://schemas.microsoft.com/developer/msbuild/2003">
  <ItemGroup>
    <ClCompile Include="C:\GitHub\scopehal-apps\src\ngscopeclient\log\log.cpp">
      <Filter>Source Files</Filter>
    </ClCompile>
    <ClCompile Include="C:\GitHub\scopehal-apps\src\ngscopeclient\log\ColoredSTDLogSink.cpp">
      <Filter>Source Files</Filter>
    </ClCompile>
    <ClCompile Include="C:\GitHub\scopehal-apps\src\ngscopeclient\log\STDLogSink.cpp">
      <Filter>Source Files</Filter>
    </ClCompile>
    <ClCompile Include="C:\GitHub\scopehal-apps\src\ngscopeclient\log\FILELogSink.cpp">
      <Filter>Source Files</Filter>
    </ClCompile>
  </ItemGroup>
  <ItemGroup>
    <CustomBuild Include="C:\GitHub\scopehal-apps\src\ngscopeclient\log\CMakeLists.txt" />
  </ItemGroup>
  <ItemGroup>
    <Filter Include="Source Files">
      <UniqueIdentifier>{597FF096-5B33-3F9A-A7F6-47417D3F6269}</UniqueIdentifier>
    </Filter>
  </ItemGroup>
</Project>
